// !$*UTF8*$!
{
	archiveVersion = 1;
	classes = {
	};
	objectVersion = 56;
	objects = {

/* Begin PBXBuildFile section */
		A503C10A2BAF38C3001D8F5F /* ProfileHeaderView.swift in Sources */ = {isa = PBXBuildFile; fileRef = A503C1092BAF38C3001D8F5F /* ProfileHeaderView.swift */; };
		A503C10C2BAF3C6C001D8F5F /* CustomButton.swift in Sources */ = {isa = PBXBuildFile; fileRef = A503C10B2BAF3C6C001D8F5F /* CustomButton.swift */; };
		A52239572BA1A1240021A67B /* FacebookApp.swift in Sources */ = {isa = PBXBuildFile; fileRef = A52239562BA1A1240021A67B /* FacebookApp.swift */; };
		A52239592BA1A1240021A67B /* ContentView.swift in Sources */ = {isa = PBXBuildFile; fileRef = A52239582BA1A1240021A67B /* ContentView.swift */; };
		A522395B2BA1A1250021A67B /* Assets.xcassets in Resources */ = {isa = PBXBuildFile; fileRef = A522395A2BA1A1250021A67B /* Assets.xcassets */; };
		A522395E2BA1A1250021A67B /* Preview Assets.xcassets in Resources */ = {isa = PBXBuildFile; fileRef = A522395D2BA1A1250021A67B /* Preview Assets.xcassets */; };
		A52239752BA1A20E0021A67B /* MainTabView.swift in Sources */ = {isa = PBXBuildFile; fileRef = A52239742BA1A20E0021A67B /* MainTabView.swift */; };
		A52239772BA1A2710021A67B /* Launch Screen.storyboard in Resources */ = {isa = PBXBuildFile; fileRef = A52239762BA1A2710021A67B /* Launch Screen.storyboard */; };
		A567814C2BA9EDCA006EE173 /* StoryFeedView.swift in Sources */ = {isa = PBXBuildFile; fileRef = A567814B2BA9EDCA006EE173 /* StoryFeedView.swift */; };
		A567814E2BA9EE72006EE173 /* MyStoryCardView.swift in Sources */ = {isa = PBXBuildFile; fileRef = A567814D2BA9EE72006EE173 /* MyStoryCardView.swift */; };
		A56781512BA9EFC5006EE173 /* DividerView.swift in Sources */ = {isa = PBXBuildFile; fileRef = A56781502BA9EFC5006EE173 /* DividerView.swift */; };
		A5A37C422BAC9C7400188A31 /* PostView.swift in Sources */ = {isa = PBXBuildFile; fileRef = A5A37C412BAC9C7400188A31 /* PostView.swift */; };
		A5A89D6F2BB16AC500AA4972 /* MenuView.swift in Sources */ = {isa = PBXBuildFile; fileRef = A5A89D6E2BB16AC500AA4972 /* MenuView.swift */; };
		A5A89D712BB16BBC00AA4972 /* MenuHeaderView.swift in Sources */ = {isa = PBXBuildFile; fileRef = A5A89D702BB16BBC00AA4972 /* MenuHeaderView.swift */; };
		A5A89D732BB16CD800AA4972 /* ShortCutsView.swift in Sources */ = {isa = PBXBuildFile; fileRef = A5A89D722BB16CD800AA4972 /* ShortCutsView.swift */; };
		A5A89D752BB1720C00AA4972 /* MenuCell.swift in Sources */ = {isa = PBXBuildFile; fileRef = A5A89D742BB1720C00AA4972 /* MenuCell.swift */; };
		A5A89D782BB1743F00AA4972 /* CustomButtonModifier.swift in Sources */ = {isa = PBXBuildFile; fileRef = A5A89D772BB1743F00AA4972 /* CustomButtonModifier.swift */; };
		A5A89D7C2BB17AD400AA4972 /* VideoOptionsView.swift in Sources */ = {isa = PBXBuildFile; fileRef = A5A89D7B2BB17AD400AA4972 /* VideoOptionsView.swift */; };
		A5A89D7E2BB17B9800AA4972 /* VideoOptionViewModifier.swift in Sources */ = {isa = PBXBuildFile; fileRef = A5A89D7D2BB17B9800AA4972 /* VideoOptionViewModifier.swift */; };
		A5A89D802BB17C9C00AA4972 /* VideoView.swift in Sources */ = {isa = PBXBuildFile; fileRef = A5A89D7F2BB17C9C00AA4972 /* VideoView.swift */; };
		A5C24D872BA4CBE7007287B8 /* FeedView.swift in Sources */ = {isa = PBXBuildFile; fileRef = A5C24D862BA4CBE7007287B8 /* FeedView.swift */; };
		A5C24D892BA4CC1B007287B8 /* FeedHeaderView.swift in Sources */ = {isa = PBXBuildFile; fileRef = A5C24D882BA4CC1B007287B8 /* FeedHeaderView.swift */; };
		A5C24D8B2BA4CC37007287B8 /* ProfileView.swift in Sources */ = {isa = PBXBuildFile; fileRef = A5C24D8A2BA4CC37007287B8 /* ProfileView.swift */; };
		A5C411862BA9EC7200F88479 /* StoryCardView.swift in Sources */ = {isa = PBXBuildFile; fileRef = A5C411852BA9EC7200F88479 /* StoryCardView.swift */; };
		A5C5FF252BB1E05700AE66EA /* MarketPlaceViewModel.swift in Sources */ = {isa = PBXBuildFile; fileRef = A5C5FF242BB1E05700AE66EA /* MarketPlaceViewModel.swift */; };
		A5C5FF272BB1E0C700AE66EA /* Item.swift in Sources */ = {isa = PBXBuildFile; fileRef = A5C5FF262BB1E0C700AE66EA /* Item.swift */; };
		A5C5FF292BB1E11900AE66EA /* Post.swift in Sources */ = {isa = PBXBuildFile; fileRef = A5C5FF282BB1E11900AE66EA /* Post.swift */; };
		A5C5FF2B2BB1E17600AE66EA /* User.swift in Sources */ = {isa = PBXBuildFile; fileRef = A5C5FF2A2BB1E17600AE66EA /* User.swift */; };
		A5C5FF2E2BB1E48200AE66EA /* FriendsViewModel.swift in Sources */ = {isa = PBXBuildFile; fileRef = A5C5FF2D2BB1E48200AE66EA /* FriendsViewModel.swift */; };
		A5CE41ED2BB085C6000DED67 /* ProfileOptionsView.swift in Sources */ = {isa = PBXBuildFile; fileRef = A5CE41EC2BB085C6000DED67 /* ProfileOptionsView.swift */; };
		A5CE41EF2BB08CED000DED67 /* ProfileFriendsView.swift in Sources */ = {isa = PBXBuildFile; fileRef = A5CE41EE2BB08CED000DED67 /* ProfileFriendsView.swift */; };
		A5F18E852BB0A5CC00A3138D /* ReelResuableView.swift in Sources */ = {isa = PBXBuildFile; fileRef = A5F18E842BB0A5CC00A3138D /* ReelResuableView.swift */; };
		A5F18E872BB0A68D00A3138D /* ManagerProfilePostsView.swift in Sources */ = {isa = PBXBuildFile; fileRef = A5F18E862BB0A68D00A3138D /* ManagerProfilePostsView.swift */; };
		A5F18E892BB0B32200A3138D /* CreatePostView.swift in Sources */ = {isa = PBXBuildFile; fileRef = A5F18E882BB0B32200A3138D /* CreatePostView.swift */; };
		A5F18E8B2BB0B3E400A3138D /* ChoiceView.swift in Sources */ = {isa = PBXBuildFile; fileRef = A5F18E8A2BB0B3E400A3138D /* ChoiceView.swift */; };
		A5F18E8E2BB0C47900A3138D /* TagView.swift in Sources */ = {isa = PBXBuildFile; fileRef = A5F18E8D2BB0C47900A3138D /* TagView.swift */; };
		A5F18E902BB0C4EC00A3138D /* FriendCell.swift in Sources */ = {isa = PBXBuildFile; fileRef = A5F18E8F2BB0C4EC00A3138D /* FriendCell.swift */; };
		A5F18E922BB0C5B800A3138D /* FriendsView.swift in Sources */ = {isa = PBXBuildFile; fileRef = A5F18E912BB0C5B800A3138D /* FriendsView.swift */; };
		A5F18E952BB0CDEA00A3138D /* MarketPlaceView.swift in Sources */ = {isa = PBXBuildFile; fileRef = A5F18E942BB0CDEA00A3138D /* MarketPlaceView.swift */; };
		A5F18E972BB0CE3C00A3138D /* MarketPlaceButton.swift in Sources */ = {isa = PBXBuildFile; fileRef = A5F18E962BB0CE3C00A3138D /* MarketPlaceButton.swift */; };
/* End PBXBuildFile section */

/* Begin PBXFileReference section */
		A503C1092BAF38C3001D8F5F /* ProfileHeaderView.swift */ = {isa = PBXFileReference; lastKnownFileType = sourcecode.swift; path = ProfileHeaderView.swift; sourceTree = "<group>"; };
		A503C10B2BAF3C6C001D8F5F /* CustomButton.swift */ = {isa = PBXFileReference; lastKnownFileType = sourcecode.swift; path = CustomButton.swift; sourceTree = "<group>"; };
		A52239532BA1A1240021A67B /* Facebook.app */ = {isa = PBXFileReference; explicitFileType = wrapper.application; includeInIndex = 0; path = Facebook.app; sourceTree = BUILT_PRODUCTS_DIR; };
		A52239562BA1A1240021A67B /* FacebookApp.swift */ = {isa = PBXFileReference; lastKnownFileType = sourcecode.swift; path = FacebookApp.swift; sourceTree = "<group>"; };
		A52239582BA1A1240021A67B /* ContentView.swift */ = {isa = PBXFileReference; lastKnownFileType = sourcecode.swift; path = ContentView.swift; sourceTree = "<group>"; };
		A522395A2BA1A1250021A67B /* Assets.xcassets */ = {isa = PBXFileReference; lastKnownFileType = folder.assetcatalog; path = Assets.xcassets; sourceTree = "<group>"; };
		A522395D2BA1A1250021A67B /* Preview Assets.xcassets */ = {isa = PBXFileReference; lastKnownFileType = folder.assetcatalog; path = "Preview Assets.xcassets"; sourceTree = "<group>"; };
		A52239742BA1A20E0021A67B /* MainTabView.swift */ = {isa = PBXFileReference; lastKnownFileType = sourcecode.swift; path = MainTabView.swift; sourceTree = "<group>"; };
		A52239762BA1A2710021A67B /* Launch Screen.storyboard */ = {isa = PBXFileReference; lastKnownFileType = file.storyboard; path = "Launch Screen.storyboard"; sourceTree = "<group>"; };
		A567814B2BA9EDCA006EE173 /* StoryFeedView.swift */ = {isa = PBXFileReference; lastKnownFileType = sourcecode.swift; path = StoryFeedView.swift; sourceTree = "<group>"; };
		A567814D2BA9EE72006EE173 /* MyStoryCardView.swift */ = {isa = PBXFileReference; lastKnownFileType = sourcecode.swift; path = MyStoryCardView.swift; sourceTree = "<group>"; };
		A56781502BA9EFC5006EE173 /* DividerView.swift */ = {isa = PBXFileReference; lastKnownFileType = sourcecode.swift; path = DividerView.swift; sourceTree = "<group>"; };
		A5A37C412BAC9C7400188A31 /* PostView.swift */ = {isa = PBXFileReference; lastKnownFileType = sourcecode.swift; path = PostView.swift; sourceTree = "<group>"; };
		A5A89D6E2BB16AC500AA4972 /* MenuView.swift */ = {isa = PBXFileReference; lastKnownFileType = sourcecode.swift; path = MenuView.swift; sourceTree = "<group>"; };
		A5A89D702BB16BBC00AA4972 /* MenuHeaderView.swift */ = {isa = PBXFileReference; lastKnownFileType = sourcecode.swift; path = MenuHeaderView.swift; sourceTree = "<group>"; };
		A5A89D722BB16CD800AA4972 /* ShortCutsView.swift */ = {isa = PBXFileReference; lastKnownFileType = sourcecode.swift; path = ShortCutsView.swift; sourceTree = "<group>"; };
		A5A89D742BB1720C00AA4972 /* MenuCell.swift */ = {isa = PBXFileReference; lastKnownFileType = sourcecode.swift; path = MenuCell.swift; sourceTree = "<group>"; };
		A5A89D772BB1743F00AA4972 /* CustomButtonModifier.swift */ = {isa = PBXFileReference; lastKnownFileType = sourcecode.swift; path = CustomButtonModifier.swift; sourceTree = "<group>"; };
		A5A89D792BB179D800AA4972 /* Info.plist */ = {isa = PBXFileReference; lastKnownFileType = text.plist; path = Info.plist; sourceTree = "<group>"; };
		A5A89D7B2BB17AD400AA4972 /* VideoOptionsView.swift */ = {isa = PBXFileReference; lastKnownFileType = sourcecode.swift; path = VideoOptionsView.swift; sourceTree = "<group>"; };
		A5A89D7D2BB17B9800AA4972 /* VideoOptionViewModifier.swift */ = {isa = PBXFileReference; lastKnownFileType = sourcecode.swift; path = VideoOptionViewModifier.swift; sourceTree = "<group>"; };
		A5A89D7F2BB17C9C00AA4972 /* VideoView.swift */ = {isa = PBXFileReference; lastKnownFileType = sourcecode.swift; path = VideoView.swift; sourceTree = "<group>"; };
		A5C24D862BA4CBE7007287B8 /* FeedView.swift */ = {isa = PBXFileReference; lastKnownFileType = sourcecode.swift; path = FeedView.swift; sourceTree = "<group>"; };
		A5C24D882BA4CC1B007287B8 /* FeedHeaderView.swift */ = {isa = PBXFileReference; lastKnownFileType = sourcecode.swift; path = FeedHeaderView.swift; sourceTree = "<group>"; };
		A5C24D8A2BA4CC37007287B8 /* ProfileView.swift */ = {isa = PBXFileReference; lastKnownFileType = sourcecode.swift; path = ProfileView.swift; sourceTree = "<group>"; };
		A5C411852BA9EC7200F88479 /* StoryCardView.swift */ = {isa = PBXFileReference; lastKnownFileType = sourcecode.swift; path = StoryCardView.swift; sourceTree = "<group>"; };
		A5C5FF242BB1E05700AE66EA /* MarketPlaceViewModel.swift */ = {isa = PBXFileReference; lastKnownFileType = sourcecode.swift; path = MarketPlaceViewModel.swift; sourceTree = "<group>"; };
		A5C5FF262BB1E0C700AE66EA /* Item.swift */ = {isa = PBXFileReference; lastKnownFileType = sourcecode.swift; path = Item.swift; sourceTree = "<group>"; };
		A5C5FF282BB1E11900AE66EA /* Post.swift */ = {isa = PBXFileReference; lastKnownFileType = sourcecode.swift; path = Post.swift; sourceTree = "<group>"; };
		A5C5FF2A2BB1E17600AE66EA /* User.swift */ = {isa = PBXFileReference; lastKnownFileType = sourcecode.swift; path = User.swift; sourceTree = "<group>"; };
		A5C5FF2D2BB1E48200AE66EA /* FriendsViewModel.swift */ = {isa = PBXFileReference; lastKnownFileType = sourcecode.swift; path = FriendsViewModel.swift; sourceTree = "<group>"; };
		A5CE41EC2BB085C6000DED67 /* ProfileOptionsView.swift */ = {isa = PBXFileReference; lastKnownFileType = sourcecode.swift; path = ProfileOptionsView.swift; sourceTree = "<group>"; };
		A5CE41EE2BB08CED000DED67 /* ProfileFriendsView.swift */ = {isa = PBXFileReference; lastKnownFileType = sourcecode.swift; path = ProfileFriendsView.swift; sourceTree = "<group>"; };
		A5F18E842BB0A5CC00A3138D /* ReelResuableView.swift */ = {isa = PBXFileReference; lastKnownFileType = sourcecode.swift; path = ReelResuableView.swift; sourceTree = "<group>"; };
		A5F18E862BB0A68D00A3138D /* ManagerProfilePostsView.swift */ = {isa = PBXFileReference; lastKnownFileType = sourcecode.swift; path = ManagerProfilePostsView.swift; sourceTree = "<group>"; };
		A5F18E882BB0B32200A3138D /* CreatePostView.swift */ = {isa = PBXFileReference; lastKnownFileType = sourcecode.swift; path = CreatePostView.swift; sourceTree = "<group>"; };
		A5F18E8A2BB0B3E400A3138D /* ChoiceView.swift */ = {isa = PBXFileReference; lastKnownFileType = sourcecode.swift; path = ChoiceView.swift; sourceTree = "<group>"; };
		A5F18E8D2BB0C47900A3138D /* TagView.swift */ = {isa = PBXFileReference; lastKnownFileType = sourcecode.swift; path = TagView.swift; sourceTree = "<group>"; };
		A5F18E8F2BB0C4EC00A3138D /* FriendCell.swift */ = {isa = PBXFileReference; lastKnownFileType = sourcecode.swift; path = FriendCell.swift; sourceTree = "<group>"; };
		A5F18E912BB0C5B800A3138D /* FriendsView.swift */ = {isa = PBXFileReference; lastKnownFileType = sourcecode.swift; path = FriendsView.swift; sourceTree = "<group>"; };
		A5F18E942BB0CDEA00A3138D /* MarketPlaceView.swift */ = {isa = PBXFileReference; lastKnownFileType = sourcecode.swift; path = MarketPlaceView.swift; sourceTree = "<group>"; };
		A5F18E962BB0CE3C00A3138D /* MarketPlaceButton.swift */ = {isa = PBXFileReference; lastKnownFileType = sourcecode.swift; path = MarketPlaceButton.swift; sourceTree = "<group>"; };
/* End PBXFileReference section */

/* Begin PBXFrameworksBuildPhase section */
		A52239502BA1A1240021A67B /* Frameworks */ = {
			isa = PBXFrameworksBuildPhase;
			buildActionMask = 2147483647;
			files = (
			);
			runOnlyForDeploymentPostprocessing = 0;
		};
/* End PBXFrameworksBuildPhase section */

/* Begin PBXGroup section */
		A522394A2BA1A1240021A67B = {
			isa = PBXGroup;
			children = (
				A52239552BA1A1240021A67B /* Facebook */,
				A52239542BA1A1240021A67B /* Products */,
			);
			sourceTree = "<group>";
		};
		A52239542BA1A1240021A67B /* Products */ = {
			isa = PBXGroup;
			children = (
				A52239532BA1A1240021A67B /* Facebook.app */,
			);
			name = Products;
			sourceTree = "<group>";
		};
		A52239552BA1A1240021A67B /* Facebook */ = {
			isa = PBXGroup;
			children = (
				A5A89D792BB179D800AA4972 /* Info.plist */,
				A52239682BA1A1590021A67B /* App */,
				A52239672BA1A1580021A67B /* Core */,
				A52239662BA1A1570021A67B /* Model */,
				A52239652BA1A1560021A67B /* Service */,
				A52239642BA1A1550021A67B /* Utils */,
				A522395C2BA1A1250021A67B /* Preview Content */,
			);
			path = Facebook;
			sourceTree = "<group>";
		};
		A522395C2BA1A1250021A67B /* Preview Content */ = {
			isa = PBXGroup;
			children = (
				A522395D2BA1A1250021A67B /* Preview Assets.xcassets */,
			);
			path = "Preview Content";
			sourceTree = "<group>";
		};
		A52239642BA1A1550021A67B /* Utils */ = {
			isa = PBXGroup;
			children = (
				A522395A2BA1A1250021A67B /* Assets.xcassets */,
				A52239762BA1A2710021A67B /* Launch Screen.storyboard */,
			);
			path = Utils;
			sourceTree = "<group>";
		};
		A52239652BA1A1560021A67B /* Service */ = {
			isa = PBXGroup;
			children = (
			);
			path = Service;
			sourceTree = "<group>";
		};
		A52239662BA1A1570021A67B /* Model */ = {
			isa = PBXGroup;
			children = (
				A5C5FF282BB1E11900AE66EA /* Post.swift */,
				A5C5FF262BB1E0C700AE66EA /* Item.swift */,
				A5C5FF2A2BB1E17600AE66EA /* User.swift */,
			);
			path = Model;
			sourceTree = "<group>";
		};
		A52239672BA1A1580021A67B /* Core */ = {
			isa = PBXGroup;
			children = (
				A52239722BA1A1990021A67B /* Auth */,
				A52239712BA1A1980021A67B /* Components */,
				A52239702BA1A1970021A67B /* CreatePost */,
				A522396F2BA1A1960021A67B /* Feed */,
				A522396E2BA1A1940021A67B /* Friends */,
				A522396D2BA1A1930021A67B /* Marketplace */,
				A522396C2BA1A1920021A67B /* Menu */,
				A522396B2BA1A1910021A67B /* Profile */,
				A522396A2BA1A1900021A67B /* Root */,
				A52239692BA1A18F0021A67B /* Video */,
				A52239732BA1A1E40021A67B /* TabBar */,
			);
			path = Core;
			sourceTree = "<group>";
		};
		A52239682BA1A1590021A67B /* App */ = {
			isa = PBXGroup;
			children = (
				A52239562BA1A1240021A67B /* FacebookApp.swift */,
			);
			path = App;
			sourceTree = "<group>";
		};
		A52239692BA1A18F0021A67B /* Video */ = {
			isa = PBXGroup;
			children = (
				A5A89D7A2BB17AC400AA4972 /* View */,
			);
			path = Video;
			sourceTree = "<group>";
		};
		A522396A2BA1A1900021A67B /* Root */ = {
			isa = PBXGroup;
			children = (
				A52239582BA1A1240021A67B /* ContentView.swift */,
			);
			path = Root;
			sourceTree = "<group>";
		};
		A522396B2BA1A1910021A67B /* Profile */ = {
			isa = PBXGroup;
			children = (
				A5C24D8A2BA4CC37007287B8 /* ProfileView.swift */,
				A503C1092BAF38C3001D8F5F /* ProfileHeaderView.swift */,
				A5CE41EC2BB085C6000DED67 /* ProfileOptionsView.swift */,
				A5CE41EE2BB08CED000DED67 /* ProfileFriendsView.swift */,
				A5F18E842BB0A5CC00A3138D /* ReelResuableView.swift */,
				A5F18E862BB0A68D00A3138D /* ManagerProfilePostsView.swift */,
			);
			path = Profile;
			sourceTree = "<group>";
		};
		A522396C2BA1A1920021A67B /* Menu */ = {
			isa = PBXGroup;
			children = (
				A5A89D6D2BB16ABB00AA4972 /* View */,
			);
			path = Menu;
			sourceTree = "<group>";
		};
		A522396D2BA1A1930021A67B /* Marketplace */ = {
			isa = PBXGroup;
			children = (
				A5C5FF232BB1E04100AE66EA /* ViewModel */,
				A5F18E932BB0CDE000A3138D /* View */,
			);
			path = Marketplace;
			sourceTree = "<group>";
		};
		A522396E2BA1A1940021A67B /* Friends */ = {
			isa = PBXGroup;
			children = (
				A5C5FF2C2BB1E47200AE66EA /* ViewModel */,
				A5F18E8C2BB0C45100A3138D /* View */,
			);
			path = Friends;
			sourceTree = "<group>";
		};
		A522396F2BA1A1960021A67B /* Feed */ = {
			isa = PBXGroup;
			children = (
				A5C24D862BA4CBE7007287B8 /* FeedView.swift */,
				A5C24D882BA4CC1B007287B8 /* FeedHeaderView.swift */,
				A5C411852BA9EC7200F88479 /* StoryCardView.swift */,
				A567814B2BA9EDCA006EE173 /* StoryFeedView.swift */,
				A567814D2BA9EE72006EE173 /* MyStoryCardView.swift */,
			);
			path = Feed;
			sourceTree = "<group>";
		};
		A52239702BA1A1970021A67B /* CreatePost */ = {
			isa = PBXGroup;
			children = (
				A5F18E882BB0B32200A3138D /* CreatePostView.swift */,
				A5F18E8A2BB0B3E400A3138D /* ChoiceView.swift */,
			);
			path = CreatePost;
			sourceTree = "<group>";
		};
		A52239712BA1A1980021A67B /* Components */ = {
			isa = PBXGroup;
			children = (
				A5A89D762BB1742C00AA4972 /* ViewModifiers */,
				A567814F2BA9EFB3006EE173 /* Views */,
			);
			path = Components;
			sourceTree = "<group>";
		};
		A52239722BA1A1990021A67B /* Auth */ = {
			isa = PBXGroup;
			children = (
			);
			path = Auth;
			sourceTree = "<group>";
		};
		A52239732BA1A1E40021A67B /* TabBar */ = {
			isa = PBXGroup;
			children = (
				A52239742BA1A20E0021A67B /* MainTabView.swift */,
			);
			path = TabBar;
			sourceTree = "<group>";
		};
		A567814F2BA9EFB3006EE173 /* Views */ = {
			isa = PBXGroup;
			children = (
				A56781502BA9EFC5006EE173 /* DividerView.swift */,
				A5A37C412BAC9C7400188A31 /* PostView.swift */,
				A503C10B2BAF3C6C001D8F5F /* CustomButton.swift */,
				A5F18E8D2BB0C47900A3138D /* TagView.swift */,
			);
			path = Views;
			sourceTree = "<group>";
		};
		A5A89D6D2BB16ABB00AA4972 /* View */ = {
			isa = PBXGroup;
			children = (
				A5A89D6E2BB16AC500AA4972 /* MenuView.swift */,
				A5A89D702BB16BBC00AA4972 /* MenuHeaderView.swift */,
				A5A89D722BB16CD800AA4972 /* ShortCutsView.swift */,
				A5A89D742BB1720C00AA4972 /* MenuCell.swift */,
			);
			path = View;
			sourceTree = "<group>";
		};
		A5A89D762BB1742C00AA4972 /* ViewModifiers */ = {
			isa = PBXGroup;
			children = (
				A5A89D772BB1743F00AA4972 /* CustomButtonModifier.swift */,
				A5A89D7D2BB17B9800AA4972 /* VideoOptionViewModifier.swift */,
			);
			path = ViewModifiers;
			sourceTree = "<group>";
		};
		A5A89D7A2BB17AC400AA4972 /* View */ = {
			isa = PBXGroup;
			children = (
				A5A89D7B2BB17AD400AA4972 /* VideoOptionsView.swift */,
				A5A89D7F2BB17C9C00AA4972 /* VideoView.swift */,
			);
			path = View;
			sourceTree = "<group>";
		};
		A5C5FF232BB1E04100AE66EA /* ViewModel */ = {
			isa = PBXGroup;
			children = (
				A5C5FF242BB1E05700AE66EA /* MarketPlaceViewModel.swift */,
			);
			path = ViewModel;
			sourceTree = "<group>";
		};
		A5C5FF2C2BB1E47200AE66EA /* ViewModel */ = {
			isa = PBXGroup;
			children = (
				A5C5FF2D2BB1E48200AE66EA /* FriendsViewModel.swift */,
			);
			path = ViewModel;
			sourceTree = "<group>";
		};
		A5F18E8C2BB0C45100A3138D /* View */ = {
			isa = PBXGroup;
			children = (
				A5F18E8F2BB0C4EC00A3138D /* FriendCell.swift */,
				A5F18E912BB0C5B800A3138D /* FriendsView.swift */,
			);
			path = View;
			sourceTree = "<group>";
		};
		A5F18E932BB0CDE000A3138D /* View */ = {
			isa = PBXGroup;
			children = (
				A5F18E942BB0CDEA00A3138D /* MarketPlaceView.swift */,
				A5F18E962BB0CE3C00A3138D /* MarketPlaceButton.swift */,
			);
			path = View;
			sourceTree = "<group>";
		};
/* End PBXGroup section */

/* Begin PBXNativeTarget section */
		A52239522BA1A1240021A67B /* Facebook */ = {
			isa = PBXNativeTarget;
			buildConfigurationList = A52239612BA1A1250021A67B /* Build configuration list for PBXNativeTarget "Facebook" */;
			buildPhases = (
				A522394F2BA1A1240021A67B /* Sources */,
				A52239502BA1A1240021A67B /* Frameworks */,
				A52239512BA1A1240021A67B /* Resources */,
			);
			buildRules = (
			);
			dependencies = (
			);
			name = Facebook;
			productName = Facebook;
			productReference = A52239532BA1A1240021A67B /* Facebook.app */;
			productType = "com.apple.product-type.application";
		};
/* End PBXNativeTarget section */

/* Begin PBXProject section */
		A522394B2BA1A1240021A67B /* Project object */ = {
			isa = PBXProject;
			attributes = {
				BuildIndependentTargetsInParallel = 1;
				LastSwiftUpdateCheck = 1500;
				LastUpgradeCheck = 1500;
				TargetAttributes = {
					A52239522BA1A1240021A67B = {
						CreatedOnToolsVersion = 15.0.1;
					};
				};
			};
			buildConfigurationList = A522394E2BA1A1240021A67B /* Build configuration list for PBXProject "Facebook" */;
			compatibilityVersion = "Xcode 14.0";
			developmentRegion = en;
			hasScannedForEncodings = 0;
			knownRegions = (
				en,
				Base,
			);
			mainGroup = A522394A2BA1A1240021A67B;
			productRefGroup = A52239542BA1A1240021A67B /* Products */;
			projectDirPath = "";
			projectRoot = "";
			targets = (
				A52239522BA1A1240021A67B /* Facebook */,
			);
		};
/* End PBXProject section */

/* Begin PBXResourcesBuildPhase section */
		A52239512BA1A1240021A67B /* Resources */ = {
			isa = PBXResourcesBuildPhase;
			buildActionMask = 2147483647;
			files = (
				A52239772BA1A2710021A67B /* Launch Screen.storyboard in Resources */,
				A522395E2BA1A1250021A67B /* Preview Assets.xcassets in Resources */,
				A522395B2BA1A1250021A67B /* Assets.xcassets in Resources */,
			);
			runOnlyForDeploymentPostprocessing = 0;
		};
/* End PBXResourcesBuildPhase section */

/* Begin PBXSourcesBuildPhase section */
		A522394F2BA1A1240021A67B /* Sources */ = {
			isa = PBXSourcesBuildPhase;
			buildActionMask = 2147483647;
			files = (
				A503C10C2BAF3C6C001D8F5F /* CustomButton.swift in Sources */,
				A5F18E872BB0A68D00A3138D /* ManagerProfilePostsView.swift in Sources */,
				A5C5FF272BB1E0C700AE66EA /* Item.swift in Sources */,
				A5CE41ED2BB085C6000DED67 /* ProfileOptionsView.swift in Sources */,
				A5C5FF252BB1E05700AE66EA /* MarketPlaceViewModel.swift in Sources */,
				A5A89D7C2BB17AD400AA4972 /* VideoOptionsView.swift in Sources */,
				A5C24D872BA4CBE7007287B8 /* FeedView.swift in Sources */,
				A52239592BA1A1240021A67B /* ContentView.swift in Sources */,
				A52239572BA1A1240021A67B /* FacebookApp.swift in Sources */,
				A5F18E8B2BB0B3E400A3138D /* ChoiceView.swift in Sources */,
				A5F18E902BB0C4EC00A3138D /* FriendCell.swift in Sources */,
				A5F18E922BB0C5B800A3138D /* FriendsView.swift in Sources */,
				A5A89D7E2BB17B9800AA4972 /* VideoOptionViewModifier.swift in Sources */,
				A5C24D892BA4CC1B007287B8 /* FeedHeaderView.swift in Sources */,
				A5A89D6F2BB16AC500AA4972 /* MenuView.swift in Sources */,
				A56781512BA9EFC5006EE173 /* DividerView.swift in Sources */,
				A5F18E852BB0A5CC00A3138D /* ReelResuableView.swift in Sources */,
				A5A89D732BB16CD800AA4972 /* ShortCutsView.swift in Sources */,
				A5A89D752BB1720C00AA4972 /* MenuCell.swift in Sources */,
				A5C5FF292BB1E11900AE66EA /* Post.swift in Sources */,
				A5C5FF2E2BB1E48200AE66EA /* FriendsViewModel.swift in Sources */,
				A567814E2BA9EE72006EE173 /* MyStoryCardView.swift in Sources */,
				A5F18E952BB0CDEA00A3138D /* MarketPlaceView.swift in Sources */,
				A5F18E8E2BB0C47900A3138D /* TagView.swift in Sources */,
				A5F18E972BB0CE3C00A3138D /* MarketPlaceButton.swift in Sources */,
				A5A89D782BB1743F00AA4972 /* CustomButtonModifier.swift in Sources */,
				A5C24D8B2BA4CC37007287B8 /* ProfileView.swift in Sources */,
				A5CE41EF2BB08CED000DED67 /* ProfileFriendsView.swift in Sources */,
				A503C10A2BAF38C3001D8F5F /* ProfileHeaderView.swift in Sources */,
				A5A89D712BB16BBC00AA4972 /* MenuHeaderView.swift in Sources */,
				A52239752BA1A20E0021A67B /* MainTabView.swift in Sources */,
				A5F18E892BB0B32200A3138D /* CreatePostView.swift in Sources */,
				A5A89D802BB17C9C00AA4972 /* VideoView.swift in Sources */,
				A5C5FF2B2BB1E17600AE66EA /* User.swift in Sources */,
				A567814C2BA9EDCA006EE173 /* StoryFeedView.swift in Sources */,
				A5C411862BA9EC7200F88479 /* StoryCardView.swift in Sources */,
				A5A37C422BAC9C7400188A31 /* PostView.swift in Sources */,
			);
			runOnlyForDeploymentPostprocessing = 0;
		};
/* End PBXSourcesBuildPhase section */

/* Begin XCBuildConfiguration section */
		A522395F2BA1A1250021A67B /* Debug */ = {
			isa = XCBuildConfiguration;
			buildSettings = {
				ALWAYS_SEARCH_USER_PATHS = NO;
				ASSETCATALOG_COMPILER_GENERATE_SWIFT_ASSET_SYMBOL_EXTENSIONS = YES;
				CLANG_ANALYZER_NONNULL = YES;
				CLANG_ANALYZER_NUMBER_OBJECT_CONVERSION = YES_AGGRESSIVE;
				CLANG_CXX_LANGUAGE_STANDARD = "gnu++20";
				CLANG_ENABLE_MODULES = YES;
				CLANG_ENABLE_OBJC_ARC = YES;
				CLANG_ENABLE_OBJC_WEAK = YES;
				CLANG_WARN_BLOCK_CAPTURE_AUTORELEASING = YES;
				CLANG_WARN_BOOL_CONVERSION = YES;
				CLANG_WARN_COMMA = YES;
				CLANG_WARN_CONSTANT_CONVERSION = YES;
				CLANG_WARN_DEPRECATED_OBJC_IMPLEMENTATIONS = YES;
				CLANG_WARN_DIRECT_OBJC_ISA_USAGE = YES_ERROR;
				CLANG_WARN_DOCUMENTATION_COMMENTS = YES;
				CLANG_WARN_EMPTY_BODY = YES;
				CLANG_WARN_ENUM_CONVERSION = YES;
				CLANG_WARN_INFINITE_RECURSION = YES;
				CLANG_WARN_INT_CONVERSION = YES;
				CLANG_WARN_NON_LITERAL_NULL_CONVERSION = YES;
				CLANG_WARN_OBJC_IMPLICIT_RETAIN_SELF = YES;
				CLANG_WARN_OBJC_LITERAL_CONVERSION = YES;
				CLANG_WARN_OBJC_ROOT_CLASS = YES_ERROR;
				CLANG_WARN_QUOTED_INCLUDE_IN_FRAMEWORK_HEADER = YES;
				CLANG_WARN_RANGE_LOOP_ANALYSIS = YES;
				CLANG_WARN_STRICT_PROTOTYPES = YES;
				CLANG_WARN_SUSPICIOUS_MOVE = YES;
				CLANG_WARN_UNGUARDED_AVAILABILITY = YES_AGGRESSIVE;
				CLANG_WARN_UNREACHABLE_CODE = YES;
				CLANG_WARN__DUPLICATE_METHOD_MATCH = YES;
				COPY_PHASE_STRIP = NO;
				DEBUG_INFORMATION_FORMAT = dwarf;
				ENABLE_STRICT_OBJC_MSGSEND = YES;
				ENABLE_TESTABILITY = YES;
				ENABLE_USER_SCRIPT_SANDBOXING = YES;
				GCC_C_LANGUAGE_STANDARD = gnu17;
				GCC_DYNAMIC_NO_PIC = NO;
				GCC_NO_COMMON_BLOCKS = YES;
				GCC_OPTIMIZATION_LEVEL = 0;
				GCC_PREPROCESSOR_DEFINITIONS = (
					"DEBUG=1",
					"$(inherited)",
				);
				GCC_WARN_64_TO_32_BIT_CONVERSION = YES;
				GCC_WARN_ABOUT_RETURN_TYPE = YES_ERROR;
				GCC_WARN_UNDECLARED_SELECTOR = YES;
				GCC_WARN_UNINITIALIZED_AUTOS = YES_AGGRESSIVE;
				GCC_WARN_UNUSED_FUNCTION = YES;
				GCC_WARN_UNUSED_VARIABLE = YES;
				IPHONEOS_DEPLOYMENT_TARGET = 17.0;
				LOCALIZATION_PREFERS_STRING_CATALOGS = YES;
				MTL_ENABLE_DEBUG_INFO = INCLUDE_SOURCE;
				MTL_FAST_MATH = YES;
				ONLY_ACTIVE_ARCH = YES;
				SDKROOT = iphoneos;
				SWIFT_ACTIVE_COMPILATION_CONDITIONS = "DEBUG $(inherited)";
				SWIFT_OPTIMIZATION_LEVEL = "-Onone";
			};
			name = Debug;
		};
		A52239602BA1A1250021A67B /* Release */ = {
			isa = XCBuildConfiguration;
			buildSettings = {
				ALWAYS_SEARCH_USER_PATHS = NO;
				ASSETCATALOG_COMPILER_GENERATE_SWIFT_ASSET_SYMBOL_EXTENSIONS = YES;
				CLANG_ANALYZER_NONNULL = YES;
				CLANG_ANALYZER_NUMBER_OBJECT_CONVERSION = YES_AGGRESSIVE;
				CLANG_CXX_LANGUAGE_STANDARD = "gnu++20";
				CLANG_ENABLE_MODULES = YES;
				CLANG_ENABLE_OBJC_ARC = YES;
				CLANG_ENABLE_OBJC_WEAK = YES;
				CLANG_WARN_BLOCK_CAPTURE_AUTORELEASING = YES;
				CLANG_WARN_BOOL_CONVERSION = YES;
				CLANG_WARN_COMMA = YES;
				CLANG_WARN_CONSTANT_CONVERSION = YES;
				CLANG_WARN_DEPRECATED_OBJC_IMPLEMENTATIONS = YES;
				CLANG_WARN_DIRECT_OBJC_ISA_USAGE = YES_ERROR;
				CLANG_WARN_DOCUMENTATION_COMMENTS = YES;
				CLANG_WARN_EMPTY_BODY = YES;
				CLANG_WARN_ENUM_CONVERSION = YES;
				CLANG_WARN_INFINITE_RECURSION = YES;
				CLANG_WARN_INT_CONVERSION = YES;
				CLANG_WARN_NON_LITERAL_NULL_CONVERSION = YES;
				CLANG_WARN_OBJC_IMPLICIT_RETAIN_SELF = YES;
				CLANG_WARN_OBJC_LITERAL_CONVERSION = YES;
				CLANG_WARN_OBJC_ROOT_CLASS = YES_ERROR;
				CLANG_WARN_QUOTED_INCLUDE_IN_FRAMEWORK_HEADER = YES;
				CLANG_WARN_RANGE_LOOP_ANALYSIS = YES;
				CLANG_WARN_STRICT_PROTOTYPES = YES;
				CLANG_WARN_SUSPICIOUS_MOVE = YES;
				CLANG_WARN_UNGUARDED_AVAILABILITY = YES_AGGRESSIVE;
				CLANG_WARN_UNREACHABLE_CODE = YES;
				CLANG_WARN__DUPLICATE_METHOD_MATCH = YES;
				COPY_PHASE_STRIP = NO;
				DEBUG_INFORMATION_FORMAT = "dwarf-with-dsym";
				ENABLE_NS_ASSERTIONS = NO;
				ENABLE_STRICT_OBJC_MSGSEND = YES;
				ENABLE_USER_SCRIPT_SANDBOXING = YES;
				GCC_C_LANGUAGE_STANDARD = gnu17;
				GCC_NO_COMMON_BLOCKS = YES;
				GCC_WARN_64_TO_32_BIT_CONVERSION = YES;
				GCC_WARN_ABOUT_RETURN_TYPE = YES_ERROR;
				GCC_WARN_UNDECLARED_SELECTOR = YES;
				GCC_WARN_UNINITIALIZED_AUTOS = YES_AGGRESSIVE;
				GCC_WARN_UNUSED_FUNCTION = YES;
				GCC_WARN_UNUSED_VARIABLE = YES;
				IPHONEOS_DEPLOYMENT_TARGET = 17.0;
				LOCALIZATION_PREFERS_STRING_CATALOGS = YES;
				MTL_ENABLE_DEBUG_INFO = NO;
				MTL_FAST_MATH = YES;
				SDKROOT = iphoneos;
				SWIFT_COMPILATION_MODE = wholemodule;
				VALIDATE_PRODUCT = YES;
			};
			name = Release;
		};
		A52239622BA1A1250021A67B /* Debug */ = {
			isa = XCBuildConfiguration;
			buildSettings = {
				ASSETCATALOG_COMPILER_APPICON_NAME = AppIcon;
				ASSETCATALOG_COMPILER_GLOBAL_ACCENT_COLOR_NAME = AccentColor;
				CODE_SIGN_STYLE = Automatic;
				CURRENT_PROJECT_VERSION = 1;
				DEVELOPMENT_ASSET_PATHS = "\"Facebook/Preview Content\"";
				DEVELOPMENT_TEAM = DHN2697SML;
				ENABLE_PREVIEWS = YES;
				GENERATE_INFOPLIST_FILE = YES;
				INFOPLIST_FILE = Facebook/Info.plist;
				INFOPLIST_KEY_LSApplicationCategoryType = "";
				INFOPLIST_KEY_UIApplicationSceneManifest_Generation = YES;
				INFOPLIST_KEY_UIApplicationSupportsIndirectInputEvents = YES;
				INFOPLIST_KEY_UILaunchScreen_Generation = YES;
				INFOPLIST_KEY_UILaunchStoryboardName = "Launch Screen.storyboard";
				INFOPLIST_KEY_UISupportedInterfaceOrientations_iPad = "UIInterfaceOrientationPortrait UIInterfaceOrientationPortraitUpsideDown UIInterfaceOrientationLandscapeLeft UIInterfaceOrientationLandscapeRight";
				INFOPLIST_KEY_UISupportedInterfaceOrientations_iPhone = "UIInterfaceOrientationPortrait UIInterfaceOrientationLandscapeLeft UIInterfaceOrientationLandscapeRight";
				LD_RUNPATH_SEARCH_PATHS = (
					"$(inherited)",
					"@executable_path/Frameworks",
				);
				MARKETING_VERSION = 1.0;
				PRODUCT_BUNDLE_IDENTIFIER = abkubatt.Facebook;
				PRODUCT_NAME = "$(TARGET_NAME)";
				SWIFT_EMIT_LOC_STRINGS = YES;
				SWIFT_VERSION = 5.0;
				TARGETED_DEVICE_FAMILY = "1,2";
			};
			name = Debug;
		};
		A52239632BA1A1250021A67B /* Release */ = {
			isa = XCBuildConfiguration;
			buildSettings = {
				ASSETCATALOG_COMPILER_APPICON_NAME = AppIcon;
				ASSETCATALOG_COMPILER_GLOBAL_ACCENT_COLOR_NAME = AccentColor;
				CODE_SIGN_STYLE = Automatic;
				CURRENT_PROJECT_VERSION = 1;
				DEVELOPMENT_ASSET_PATHS = "\"Facebook/Preview Content\"";
				DEVELOPMENT_TEAM = DHN2697SML;
				ENABLE_PREVIEWS = YES;
				GENERATE_INFOPLIST_FILE = YES;
				INFOPLIST_FILE = Facebook/Info.plist;
				INFOPLIST_KEY_LSApplicationCategoryType = "";
				INFOPLIST_KEY_UIApplicationSceneManifest_Generation = YES;
				INFOPLIST_KEY_UIApplicationSupportsIndirectInputEvents = YES;
				INFOPLIST_KEY_UILaunchScreen_Generation = YES;
				INFOPLIST_KEY_UILaunchStoryboardName = "Launch Screen.storyboard";
				INFOPLIST_KEY_UISupportedInterfaceOrientations_iPad = "UIInterfaceOrientationPortrait UIInterfaceOrientationPortraitUpsideDown UIInterfaceOrientationLandscapeLeft UIInterfaceOrientationLandscapeRight";
				INFOPLIST_KEY_UISupportedInterfaceOrientations_iPhone = "UIInterfaceOrientationPortrait UIInterfaceOrientationLandscapeLeft UIInterfaceOrientationLandscapeRight";
				LD_RUNPATH_SEARCH_PATHS = (
					"$(inherited)",
					"@executable_path/Frameworks",
				);
				MARKETING_VERSION = 1.0;
				PRODUCT_BUNDLE_IDENTIFIER = abkubatt.Facebook;
				PRODUCT_NAME = "$(TARGET_NAME)";
				SWIFT_EMIT_LOC_STRINGS = YES;
				SWIFT_VERSION = 5.0;
				TARGETED_DEVICE_FAMILY = "1,2";
			};
			name = Release;
		};
/* End XCBuildConfiguration section */

/* Begin XCConfigurationList section */
		A522394E2BA1A1240021A67B /* Build configuration list for PBXProject "Facebook" */ = {
			isa = XCConfigurationList;
			buildConfigurations = (
				A522395F2BA1A1250021A67B /* Debug */,
				A52239602BA1A1250021A67B /* Release */,
			);
			defaultConfigurationIsVisible = 0;
			defaultConfigurationName = Release;
		};
		A52239612BA1A1250021A67B /* Build configuration list for PBXNativeTarget "Facebook" */ = {
			isa = XCConfigurationList;
			buildConfigurations = (
				A52239622BA1A1250021A67B /* Debug */,
				A52239632BA1A1250021A67B /* Release */,
			);
			defaultConfigurationIsVisible = 0;
			defaultConfigurationName = Release;
		};
/* End XCConfigurationList section */
	};
	rootObject = A522394B2BA1A1240021A67B /* Project object */;
}
